
Microsoft Visual Studio Solution File, Format Version 12.00
# Visual Studio 15
VisualStudioVersion = 15.0.26730.12
MinimumVisualStudioVersion = 10.0.40219.1
Project("{FAE04EC0-301F-11D3-BF4B-00C04F79EFBC}") = "Hello", "Hello\Hello.csproj", "{43D3A9D9-D831-46CD-BE33-1DE6770DB406}"
EndProject
Project("{FAE04EC0-301F-11D3-BF4B-00C04F79EFBC}") = "OOdemot", "OOdemot\OOdemot.csproj", "{647E5B70-F18B-4837-8A73-4FCAFA7B4CB9}"
EndProject
Project("{FAE04EC0-301F-11D3-BF4B-00C04F79EFBC}") = "Labrat", "Labrat\Labrat.csproj", "{028FAA96-8672-4283-91DF-4EED508B7C9D}"
EndProject
Project("{FAE04EC0-301F-11D3-BF4B-00C04F79EFBC}") = "Opiskelija", "Opiskelija\Opiskelija.csproj", "{6A35CA00-2DA6-48C9-A91C-7F38D8DEFD5E}"
EndProject
Project("{FAE04EC0-301F-11D3-BF4B-00C04F79EFBC}") = "Tunnukset", "Tunnukset\Tunnukset.csproj", "{BFDFADC0-ABD1-4E6E-A920-A9E5E0B802E9}"
EndProject
Project("{FAE04EC0-301F-11D3-BF4B-00C04F79EFBC}") = "lab3.1", "lab3.2\lab3.1.csproj", "{27444F42-74AF-435B-9EC3-7122892E70B3}"
EndProject
Project("{FAE04EC0-301F-11D3-BF4B-00C04F79EFBC}") = "Lab3.2", "Lab3.3\Lab3.2.csproj", "{92046C0D-5D98-4754-8C14-347E9FA99CD0}"
EndProject
Project("{FAE04EC0-301F-11D3-BF4B-00C04F79EFBC}") = "Lab3.3", "Lab3.4\Lab3.3.csproj", "{429A2A21-518A-4D62-A5AB-9B8B736ACDF1}"
EndProject
Global
	GlobalSection(SolutionConfigurationPlatforms) = preSolution
		Debug|Any CPU = Debug|Any CPU
		Release|Any CPU = Release|Any CPU
	EndGlobalSection
	GlobalSection(ProjectConfigurationPlatforms) = postSolution
		{43D3A9D9-D831-46CD-BE33-1DE6770DB406}.Debug|Any CPU.ActiveCfg = Debug|Any CPU
		{43D3A9D9-D831-46CD-BE33-1DE6770DB406}.Debug|Any CPU.Build.0 = Debug|Any CPU
		{43D3A9D9-D831-46CD-BE33-1DE6770DB406}.Release|Any CPU.ActiveCfg = Release|Any CPU
		{43D3A9D9-D831-46CD-BE33-1DE6770DB406}.Release|Any CPU.Build.0 = Release|Any CPU
		{647E5B70-F18B-4837-8A73-4FCAFA7B4CB9}.Debug|Any CPU.ActiveCfg = Debug|Any CPU
		{647E5B70-F18B-4837-8A73-4FCAFA7B4CB9}.Debug|Any CPU.Build.0 = Debug|Any CPU
		{647E5B70-F18B-4837-8A73-4FCAFA7B4CB9}.Release|Any CPU.ActiveCfg = Release|Any CPU
		{647E5B70-F18B-4837-8A73-4FCAFA7B4CB9}.Release|Any CPU.Build.0 = Release|Any CPU
		{028FAA96-8672-4283-91DF-4EED508B7C9D}.Debug|Any CPU.ActiveCfg = Debug|Any CPU
		{028FAA96-8672-4283-91DF-4EED508B7C9D}.Debug|Any CPU.Build.0 = Debug|Any CPU
		{028FAA96-8672-4283-91DF-4EED508B7C9D}.Release|Any CPU.ActiveCfg = Release|Any CPU
		{028FAA96-8672-4283-91DF-4EED508B7C9D}.Release|Any CPU.Build.0 = Release|Any CPU
		{6A35CA00-2DA6-48C9-A91C-7F38D8DEFD5E}.Debug|Any CPU.ActiveCfg = Debug|Any CPU
		{6A35CA00-2DA6-48C9-A91C-7F38D8DEFD5E}.Debug|Any CPU.Build.0 = Debug|Any CPU
		{6A35CA00-2DA6-48C9-A91C-7F38D8DEFD5E}.Release|Any CPU.ActiveCfg = Release|Any CPU
		{6A35CA00-2DA6-48C9-A91C-7F38D8DEFD5E}.Release|Any CPU.Build.0 = Release|Any CPU
		{BFDFADC0-ABD1-4E6E-A920-A9E5E0B802E9}.Debug|Any CPU.ActiveCfg = Debug|Any CPU
		{BFDFADC0-ABD1-4E6E-A920-A9E5E0B802E9}.Debug|Any CPU.Build.0 = Debug|Any CPU
		{BFDFADC0-ABD1-4E6E-A920-A9E5E0B802E9}.Release|Any CPU.ActiveCfg = Release|Any CPU
		{BFDFADC0-ABD1-4E6E-A920-A9E5E0B802E9}.Release|Any CPU.Build.0 = Release|Any CPU
		{27444F42-74AF-435B-9EC3-7122892E70B3}.Debug|Any CPU.ActiveCfg = Debug|Any CPU
		{27444F42-74AF-435B-9EC3-7122892E70B3}.Debug|Any CPU.Build.0 = Debug|Any CPU
		{27444F42-74AF-435B-9EC3-7122892E70B3}.Release|Any CPU.ActiveCfg = Release|Any CPU
		{27444F42-74AF-435B-9EC3-7122892E70B3}.Release|Any CPU.Build.0 = Release|Any CPU
		{92046C0D-5D98-4754-8C14-347E9FA99CD0}.Debug|Any CPU.ActiveCfg = Debug|Any CPU
		{92046C0D-5D98-4754-8C14-347E9FA99CD0}.Debug|Any CPU.Build.0 = Debug|Any CPU
		{92046C0D-5D98-4754-8C14-347E9FA99CD0}.Release|Any CPU.ActiveCfg = Release|Any CPU
		{92046C0D-5D98-4754-8C14-347E9FA99CD0}.Release|Any CPU.Build.0 = Release|Any CPU
		{429A2A21-518A-4D62-A5AB-9B8B736ACDF1}.Debug|Any CPU.ActiveCfg = Debug|Any CPU
		{429A2A21-518A-4D62-A5AB-9B8B736ACDF1}.Debug|Any CPU.Build.0 = Debug|Any CPU
		{429A2A21-518A-4D62-A5AB-9B8B736ACDF1}.Release|Any CPU.ActiveCfg = Release|Any CPU
		{429A2A21-518A-4D62-A5AB-9B8B736ACDF1}.Release|Any CPU.Build.0 = Release|Any CPU
	EndGlobalSection
	GlobalSection(SolutionProperties) = preSolution
		HideSolutionNode = FALSE
	EndGlobalSection
	GlobalSection(ExtensibilityGlobals) = postSolution
		SolutionGuid = {0EDE5631-555A-4D63-99D5-7E59742B5E51}
	EndGlobalSection
EndGlobal
