
Microsoft Visual Studio Solution File, Format Version 12.00
# Visual Studio 15
VisualStudioVersion = 15.0.26430.16
MinimumVisualStudioVersion = 10.0.40219.1
Project("{FAE04EC0-301F-11D3-BF4B-00C04F79EFBC}") = "OOdemot", "OOdemot\OOdemot.csproj", "{647E5B70-F18B-4837-8A73-4FCAFA7B4CB9}"
EndProject
Project("{FAE04EC0-301F-11D3-BF4B-00C04F79EFBC}") = "Labrat", "Labrat\Labrat.csproj", "{028FAA96-8672-4283-91DF-4EED508B7C9D}"
EndProject
Project("{FAE04EC0-301F-11D3-BF4B-00C04F79EFBC}") = "Opiskelija", "Opiskelija\Opiskelija.csproj", "{6A35CA00-2DA6-48C9-A91C-7F38D8DEFD5E}"
EndProject
Project("{FAE04EC0-301F-11D3-BF4B-00C04F79EFBC}") = "Tunnukset", "Tunnukset\Tunnukset.csproj", "{BFDFADC0-ABD1-4E6E-A920-A9E5E0B802E9}"
EndProject
Project("{FAE04EC0-301F-11D3-BF4B-00C04F79EFBC}") = "lab3.1", "lab3.2\lab3.1.csproj", "{27444F42-74AF-435B-9EC3-7122892E70B3}"
EndProject
Project("{FAE04EC0-301F-11D3-BF4B-00C04F79EFBC}") = "Lab3.2", "Lab3.3\Lab3.2.csproj", "{92046C0D-5D98-4754-8C14-347E9FA99CD0}"
EndProject
Project("{FAE04EC0-301F-11D3-BF4B-00C04F79EFBC}") = "Lab3.3", "Lab3.4\Lab3.3.csproj", "{429A2A21-518A-4D62-A5AB-9B8B736ACDF1}"
EndProject
Project("{FAE04EC0-301F-11D3-BF4B-00C04F79EFBC}") = "Lab4", "Lab4\Lab4.csproj", "{6EE16ED0-5A9D-4F03-94B1-BB48AAAFA133}"
EndProject
Project("{FAE04EC0-301F-11D3-BF4B-00C04F79EFBC}") = "Lab4.2", "Lab4.2\Lab4.2.csproj", "{97403925-0D8C-4FDB-8B6C-5E407E79D11C}"
EndProject
Project("{FAE04EC0-301F-11D3-BF4B-00C04F79EFBC}") = "Lab4.4", "Lab4.4\Lab4.4.csproj", "{6CA7DF36-BFCB-4122-B5CE-FAA0FB5D2EAA}"
EndProject
Project("{FAE04EC0-301F-11D3-BF4B-00C04F79EFBC}") = "Lab4.3", "Lab4.3\Lab4.3.csproj", "{D545811E-E314-458C-8244-FCA9A5FF0B2A}"
EndProject
Project("{FAE04EC0-301F-11D3-BF4B-00C04F79EFBC}") = "Lab4.5", "Lab4.5\Lab4.5.csproj", "{76059417-ADF6-4016-8FBC-9E48FF706A20}"
EndProject
Project("{FAE04EC0-301F-11D3-BF4B-00C04F79EFBC}") = "KapselointiDemo", "Ihanmikähaluan\KapselointiDemo.csproj", "{DD1ACAD3-5C4F-4987-B2BA-40C29F462BEA}"
EndProject
Project("{FAE04EC0-301F-11D3-BF4B-00C04F79EFBC}") = "Lab5.1", "Lab5.1\Lab5.1.csproj", "{28D07A59-41C4-4F40-8813-E6A80EEDFABF}"
EndProject
Project("{FAE04EC0-301F-11D3-BF4B-00C04F79EFBC}") = "Lab5.2", "Lab5.2\Lab5.2.csproj", "{668BFAF5-2D95-4A6B-863E-D73A8852FD00}"
EndProject
Project("{FAE04EC0-301F-11D3-BF4B-00C04F79EFBC}") = "Lab5.3", "Lab5.3\Lab5.3.csproj", "{589FDA8B-787C-4D26-B0AD-953A237166D0}"
EndProject
Project("{FAE04EC0-301F-11D3-BF4B-00C04F79EFBC}") = "Lab5.5", "Lab5.5\Lab5.5.csproj", "{EB6CC248-C270-4E8A-891C-B2E20675D507}"
EndProject
Project("{FAE04EC0-301F-11D3-BF4B-00C04F79EFBC}") = "Lab5.4", "Lab5.4\Lab5.4.csproj", "{9245548B-BFB6-4BE9-8BC5-96D80C3BEA98}"
EndProject
Project("{FAE04EC0-301F-11D3-BF4B-00C04F79EFBC}") = "VK41demo", "VK41\VK41demo.csproj", "{2FE4D84E-D7AE-4FBD-A3B7-299023538BAD}"
EndProject
Project("{FAE04EC0-301F-11D3-BF4B-00C04F79EFBC}") = "Lab6.1", "Lab6.1\Lab6.1.csproj", "{3B37EBB3-F471-4341-8A12-FA89F1F1F3A9}"
EndProject
Project("{FAE04EC0-301F-11D3-BF4B-00C04F79EFBC}") = "Lab6.3", "Lab6.3\Lab6.3.csproj", "{5A83526F-EB4F-4511-8B39-0308DC9B7163}"
EndProject
Project("{FAE04EC0-301F-11D3-BF4B-00C04F79EFBC}") = "Lab8.1", "Lab8.1\Lab8.1.csproj", "{91EE2B6F-C5A0-4642-8E3A-9DA7DFCA5D2C}"
EndProject
Project("{FAE04EC0-301F-11D3-BF4B-00C04F79EFBC}") = "lab8.2", "lab8.2\lab8.2.csproj", "{2EA33ED5-1DDE-424F-8811-1C41AC9DB43B}"
EndProject
Project("{FAE04EC0-301F-11D3-BF4B-00C04F79EFBC}") = "Lab8.3", "Lab8.3\Lab8.3.csproj", "{1C27BF4A-9C08-49BC-ACE5-61E866644A22}"
EndProject
Project("{FAE04EC0-301F-11D3-BF4B-00C04F79EFBC}") = "lab8.4", "lab8.4\lab8.4.csproj", "{5E71DEF5-F3D3-4AA8-B8D9-D9EFDCE1E1C9}"
EndProject
Project("{FAE04EC0-301F-11D3-BF4B-00C04F79EFBC}") = "Viikko44", "Viikko44\Viikko44.csproj", "{BB129B8B-1268-450F-8F1E-6CB296294910}"
EndProject
Project("{FAE04EC0-301F-11D3-BF4B-00C04F79EFBC}") = "Lab9.1", "Lab9.1\Lab9.1.csproj", "{13315F93-7E54-4CAB-933D-AB1A4BCDED12}"
EndProject
Project("{FAE04EC0-301F-11D3-BF4B-00C04F79EFBC}") = "lab9.2", "lab9.2\lab9.2.csproj", "{D09D3136-066A-42C3-8763-4276340EA1B6}"
EndProject
Project("{FAE04EC0-301F-11D3-BF4B-00C04F79EFBC}") = "lab9.3", "lab9.3\lab9.3.csproj", "{98BC24A0-775E-42A2-9FBE-793818291A2F}"
EndProject
Project("{FAE04EC0-301F-11D3-BF4B-00C04F79EFBC}") = "lab9.4", "lab9.4\lab9.4.csproj", "{BDAFA47F-014D-4DF3-BD15-6CEE96F70672}"
EndProject
Project("{FAE04EC0-301F-11D3-BF4B-00C04F79EFBC}") = "Lab9.5", "Lab9.5\Lab9.5.csproj", "{CB2FECE7-AB06-4CFC-BAFE-E75DE140E91D}"
EndProject
Project("{FAE04EC0-301F-11D3-BF4B-00C04F79EFBC}") = "Lab9.5Tests", "Lab9.5Tests\Lab9.5Tests.csproj", "{F317620E-F693-4A03-8603-419F24BAB257}"
EndProject
Project("{FAE04EC0-301F-11D3-BF4B-00C04F79EFBC}") = "lab9.6", "lab9.6\lab9.6.csproj", "{4B0C672B-4464-4D4C-9D65-6945440B8578}"
EndProject
Project("{FAE04EC0-301F-11D3-BF4B-00C04F79EFBC}") = "WPFDemo", "WPFDemo\WPFDemo.csproj", "{57FB4055-46BE-4042-AE18-805CA95C4741}"
EndProject
Project("{FAE04EC0-301F-11D3-BF4B-00C04F79EFBC}") = "lab10.2", "lab10.2\lab10.2.csproj", "{45551BA8-5C36-489C-B7AE-E47683F615B6}"
EndProject
Project("{FAE04EC0-301F-11D3-BF4B-00C04F79EFBC}") = "lab10.3", "lab10.3\lab10.3.csproj", "{B6EF8C2C-ADEE-496E-9707-C46E37E36A25}"
EndProject
Project("{FAE04EC0-301F-11D3-BF4B-00C04F79EFBC}") = "WPFDemokakone", "WPFDemokakone\WPFDemokakone.csproj", "{274B5050-2F28-46B9-9C51-F295B1569720}"
EndProject
Project("{FAE04EC0-301F-11D3-BF4B-00C04F79EFBC}") = "lab11.1", "lab11.1\lab11.1.csproj", "{5663D916-F3B3-4258-9516-B31149E8E989}"
EndProject
Project("{FAE04EC0-301F-11D3-BF4B-00C04F79EFBC}") = "lab11.3", "lab11.3\lab11.3.csproj", "{C1483C2F-EF32-4E7E-9216-6FAA3528B3B8}"
EndProject
Project("{FAE04EC0-301F-11D3-BF4B-00C04F79EFBC}") = "lab11.4", "lab11.4\lab11.4.csproj", "{0BA89976-C6C0-4DC6-B7C9-CCCBD1EE0C9A}"
EndProject
Project("{FAE04EC0-301F-11D3-BF4B-00C04F79EFBC}") = "Lab11.2", "Lab11.2\Lab11.2.csproj", "{57589445-EC82-4520-9FB9-5915C230460A}"
EndProject
Project("{FAE04EC0-301F-11D3-BF4B-00C04F79EFBC}") = "Kertaustehtävä", "Kertaustehtävä\Kertaustehtävä.csproj", "{0B5C98E9-96E9-4D93-9FFF-F603663DE023}"
EndProject
Global
	GlobalSection(SolutionConfigurationPlatforms) = preSolution
		Debug|Any CPU = Debug|Any CPU
		Release|Any CPU = Release|Any CPU
	EndGlobalSection
	GlobalSection(ProjectConfigurationPlatforms) = postSolution
		{647E5B70-F18B-4837-8A73-4FCAFA7B4CB9}.Debug|Any CPU.ActiveCfg = Debug|Any CPU
		{647E5B70-F18B-4837-8A73-4FCAFA7B4CB9}.Debug|Any CPU.Build.0 = Debug|Any CPU
		{647E5B70-F18B-4837-8A73-4FCAFA7B4CB9}.Release|Any CPU.ActiveCfg = Release|Any CPU
		{647E5B70-F18B-4837-8A73-4FCAFA7B4CB9}.Release|Any CPU.Build.0 = Release|Any CPU
		{028FAA96-8672-4283-91DF-4EED508B7C9D}.Debug|Any CPU.ActiveCfg = Debug|Any CPU
		{028FAA96-8672-4283-91DF-4EED508B7C9D}.Debug|Any CPU.Build.0 = Debug|Any CPU
		{028FAA96-8672-4283-91DF-4EED508B7C9D}.Release|Any CPU.ActiveCfg = Release|Any CPU
		{028FAA96-8672-4283-91DF-4EED508B7C9D}.Release|Any CPU.Build.0 = Release|Any CPU
		{6A35CA00-2DA6-48C9-A91C-7F38D8DEFD5E}.Debug|Any CPU.ActiveCfg = Debug|Any CPU
		{6A35CA00-2DA6-48C9-A91C-7F38D8DEFD5E}.Debug|Any CPU.Build.0 = Debug|Any CPU
		{6A35CA00-2DA6-48C9-A91C-7F38D8DEFD5E}.Release|Any CPU.ActiveCfg = Release|Any CPU
		{6A35CA00-2DA6-48C9-A91C-7F38D8DEFD5E}.Release|Any CPU.Build.0 = Release|Any CPU
		{BFDFADC0-ABD1-4E6E-A920-A9E5E0B802E9}.Debug|Any CPU.ActiveCfg = Debug|Any CPU
		{BFDFADC0-ABD1-4E6E-A920-A9E5E0B802E9}.Debug|Any CPU.Build.0 = Debug|Any CPU
		{BFDFADC0-ABD1-4E6E-A920-A9E5E0B802E9}.Release|Any CPU.ActiveCfg = Release|Any CPU
		{BFDFADC0-ABD1-4E6E-A920-A9E5E0B802E9}.Release|Any CPU.Build.0 = Release|Any CPU
		{27444F42-74AF-435B-9EC3-7122892E70B3}.Debug|Any CPU.ActiveCfg = Debug|Any CPU
		{27444F42-74AF-435B-9EC3-7122892E70B3}.Debug|Any CPU.Build.0 = Debug|Any CPU
		{27444F42-74AF-435B-9EC3-7122892E70B3}.Release|Any CPU.ActiveCfg = Release|Any CPU
		{27444F42-74AF-435B-9EC3-7122892E70B3}.Release|Any CPU.Build.0 = Release|Any CPU
		{92046C0D-5D98-4754-8C14-347E9FA99CD0}.Debug|Any CPU.ActiveCfg = Debug|Any CPU
		{92046C0D-5D98-4754-8C14-347E9FA99CD0}.Debug|Any CPU.Build.0 = Debug|Any CPU
		{92046C0D-5D98-4754-8C14-347E9FA99CD0}.Release|Any CPU.ActiveCfg = Release|Any CPU
		{92046C0D-5D98-4754-8C14-347E9FA99CD0}.Release|Any CPU.Build.0 = Release|Any CPU
		{429A2A21-518A-4D62-A5AB-9B8B736ACDF1}.Debug|Any CPU.ActiveCfg = Debug|Any CPU
		{429A2A21-518A-4D62-A5AB-9B8B736ACDF1}.Debug|Any CPU.Build.0 = Debug|Any CPU
		{429A2A21-518A-4D62-A5AB-9B8B736ACDF1}.Release|Any CPU.ActiveCfg = Release|Any CPU
		{429A2A21-518A-4D62-A5AB-9B8B736ACDF1}.Release|Any CPU.Build.0 = Release|Any CPU
		{6EE16ED0-5A9D-4F03-94B1-BB48AAAFA133}.Debug|Any CPU.ActiveCfg = Debug|Any CPU
		{6EE16ED0-5A9D-4F03-94B1-BB48AAAFA133}.Debug|Any CPU.Build.0 = Debug|Any CPU
		{6EE16ED0-5A9D-4F03-94B1-BB48AAAFA133}.Release|Any CPU.ActiveCfg = Release|Any CPU
		{6EE16ED0-5A9D-4F03-94B1-BB48AAAFA133}.Release|Any CPU.Build.0 = Release|Any CPU
		{97403925-0D8C-4FDB-8B6C-5E407E79D11C}.Debug|Any CPU.ActiveCfg = Debug|Any CPU
		{97403925-0D8C-4FDB-8B6C-5E407E79D11C}.Debug|Any CPU.Build.0 = Debug|Any CPU
		{97403925-0D8C-4FDB-8B6C-5E407E79D11C}.Release|Any CPU.ActiveCfg = Release|Any CPU
		{97403925-0D8C-4FDB-8B6C-5E407E79D11C}.Release|Any CPU.Build.0 = Release|Any CPU
		{6CA7DF36-BFCB-4122-B5CE-FAA0FB5D2EAA}.Debug|Any CPU.ActiveCfg = Debug|Any CPU
		{6CA7DF36-BFCB-4122-B5CE-FAA0FB5D2EAA}.Debug|Any CPU.Build.0 = Debug|Any CPU
		{6CA7DF36-BFCB-4122-B5CE-FAA0FB5D2EAA}.Release|Any CPU.ActiveCfg = Release|Any CPU
		{6CA7DF36-BFCB-4122-B5CE-FAA0FB5D2EAA}.Release|Any CPU.Build.0 = Release|Any CPU
		{D545811E-E314-458C-8244-FCA9A5FF0B2A}.Debug|Any CPU.ActiveCfg = Debug|Any CPU
		{D545811E-E314-458C-8244-FCA9A5FF0B2A}.Debug|Any CPU.Build.0 = Debug|Any CPU
		{D545811E-E314-458C-8244-FCA9A5FF0B2A}.Release|Any CPU.ActiveCfg = Release|Any CPU
		{D545811E-E314-458C-8244-FCA9A5FF0B2A}.Release|Any CPU.Build.0 = Release|Any CPU
		{76059417-ADF6-4016-8FBC-9E48FF706A20}.Debug|Any CPU.ActiveCfg = Debug|Any CPU
		{76059417-ADF6-4016-8FBC-9E48FF706A20}.Debug|Any CPU.Build.0 = Debug|Any CPU
		{76059417-ADF6-4016-8FBC-9E48FF706A20}.Release|Any CPU.ActiveCfg = Release|Any CPU
		{76059417-ADF6-4016-8FBC-9E48FF706A20}.Release|Any CPU.Build.0 = Release|Any CPU
		{DD1ACAD3-5C4F-4987-B2BA-40C29F462BEA}.Debug|Any CPU.ActiveCfg = Debug|Any CPU
		{DD1ACAD3-5C4F-4987-B2BA-40C29F462BEA}.Debug|Any CPU.Build.0 = Debug|Any CPU
		{DD1ACAD3-5C4F-4987-B2BA-40C29F462BEA}.Release|Any CPU.ActiveCfg = Release|Any CPU
		{DD1ACAD3-5C4F-4987-B2BA-40C29F462BEA}.Release|Any CPU.Build.0 = Release|Any CPU
		{28D07A59-41C4-4F40-8813-E6A80EEDFABF}.Debug|Any CPU.ActiveCfg = Debug|Any CPU
		{28D07A59-41C4-4F40-8813-E6A80EEDFABF}.Debug|Any CPU.Build.0 = Debug|Any CPU
		{28D07A59-41C4-4F40-8813-E6A80EEDFABF}.Release|Any CPU.ActiveCfg = Release|Any CPU
		{28D07A59-41C4-4F40-8813-E6A80EEDFABF}.Release|Any CPU.Build.0 = Release|Any CPU
		{668BFAF5-2D95-4A6B-863E-D73A8852FD00}.Debug|Any CPU.ActiveCfg = Debug|Any CPU
		{668BFAF5-2D95-4A6B-863E-D73A8852FD00}.Debug|Any CPU.Build.0 = Debug|Any CPU
		{668BFAF5-2D95-4A6B-863E-D73A8852FD00}.Release|Any CPU.ActiveCfg = Release|Any CPU
		{668BFAF5-2D95-4A6B-863E-D73A8852FD00}.Release|Any CPU.Build.0 = Release|Any CPU
		{589FDA8B-787C-4D26-B0AD-953A237166D0}.Debug|Any CPU.ActiveCfg = Debug|Any CPU
		{589FDA8B-787C-4D26-B0AD-953A237166D0}.Debug|Any CPU.Build.0 = Debug|Any CPU
		{589FDA8B-787C-4D26-B0AD-953A237166D0}.Release|Any CPU.ActiveCfg = Release|Any CPU
		{589FDA8B-787C-4D26-B0AD-953A237166D0}.Release|Any CPU.Build.0 = Release|Any CPU
		{EB6CC248-C270-4E8A-891C-B2E20675D507}.Debug|Any CPU.ActiveCfg = Debug|Any CPU
		{EB6CC248-C270-4E8A-891C-B2E20675D507}.Debug|Any CPU.Build.0 = Debug|Any CPU
		{EB6CC248-C270-4E8A-891C-B2E20675D507}.Release|Any CPU.ActiveCfg = Release|Any CPU
		{EB6CC248-C270-4E8A-891C-B2E20675D507}.Release|Any CPU.Build.0 = Release|Any CPU
		{9245548B-BFB6-4BE9-8BC5-96D80C3BEA98}.Debug|Any CPU.ActiveCfg = Debug|Any CPU
		{9245548B-BFB6-4BE9-8BC5-96D80C3BEA98}.Debug|Any CPU.Build.0 = Debug|Any CPU
		{9245548B-BFB6-4BE9-8BC5-96D80C3BEA98}.Release|Any CPU.ActiveCfg = Release|Any CPU
		{9245548B-BFB6-4BE9-8BC5-96D80C3BEA98}.Release|Any CPU.Build.0 = Release|Any CPU
		{2FE4D84E-D7AE-4FBD-A3B7-299023538BAD}.Debug|Any CPU.ActiveCfg = Debug|Any CPU
		{2FE4D84E-D7AE-4FBD-A3B7-299023538BAD}.Debug|Any CPU.Build.0 = Debug|Any CPU
		{2FE4D84E-D7AE-4FBD-A3B7-299023538BAD}.Release|Any CPU.ActiveCfg = Release|Any CPU
		{2FE4D84E-D7AE-4FBD-A3B7-299023538BAD}.Release|Any CPU.Build.0 = Release|Any CPU
		{3B37EBB3-F471-4341-8A12-FA89F1F1F3A9}.Debug|Any CPU.ActiveCfg = Debug|Any CPU
		{3B37EBB3-F471-4341-8A12-FA89F1F1F3A9}.Debug|Any CPU.Build.0 = Debug|Any CPU
		{3B37EBB3-F471-4341-8A12-FA89F1F1F3A9}.Release|Any CPU.ActiveCfg = Release|Any CPU
		{3B37EBB3-F471-4341-8A12-FA89F1F1F3A9}.Release|Any CPU.Build.0 = Release|Any CPU
		{5A83526F-EB4F-4511-8B39-0308DC9B7163}.Debug|Any CPU.ActiveCfg = Debug|Any CPU
		{5A83526F-EB4F-4511-8B39-0308DC9B7163}.Debug|Any CPU.Build.0 = Debug|Any CPU
		{5A83526F-EB4F-4511-8B39-0308DC9B7163}.Release|Any CPU.ActiveCfg = Release|Any CPU
		{5A83526F-EB4F-4511-8B39-0308DC9B7163}.Release|Any CPU.Build.0 = Release|Any CPU
		{91EE2B6F-C5A0-4642-8E3A-9DA7DFCA5D2C}.Debug|Any CPU.ActiveCfg = Debug|Any CPU
		{91EE2B6F-C5A0-4642-8E3A-9DA7DFCA5D2C}.Debug|Any CPU.Build.0 = Debug|Any CPU
		{91EE2B6F-C5A0-4642-8E3A-9DA7DFCA5D2C}.Release|Any CPU.ActiveCfg = Release|Any CPU
		{91EE2B6F-C5A0-4642-8E3A-9DA7DFCA5D2C}.Release|Any CPU.Build.0 = Release|Any CPU
		{2EA33ED5-1DDE-424F-8811-1C41AC9DB43B}.Debug|Any CPU.ActiveCfg = Debug|Any CPU
		{2EA33ED5-1DDE-424F-8811-1C41AC9DB43B}.Debug|Any CPU.Build.0 = Debug|Any CPU
		{2EA33ED5-1DDE-424F-8811-1C41AC9DB43B}.Release|Any CPU.ActiveCfg = Release|Any CPU
		{2EA33ED5-1DDE-424F-8811-1C41AC9DB43B}.Release|Any CPU.Build.0 = Release|Any CPU
		{1C27BF4A-9C08-49BC-ACE5-61E866644A22}.Debug|Any CPU.ActiveCfg = Debug|Any CPU
		{1C27BF4A-9C08-49BC-ACE5-61E866644A22}.Debug|Any CPU.Build.0 = Debug|Any CPU
		{1C27BF4A-9C08-49BC-ACE5-61E866644A22}.Release|Any CPU.ActiveCfg = Release|Any CPU
		{1C27BF4A-9C08-49BC-ACE5-61E866644A22}.Release|Any CPU.Build.0 = Release|Any CPU
		{5E71DEF5-F3D3-4AA8-B8D9-D9EFDCE1E1C9}.Debug|Any CPU.ActiveCfg = Debug|Any CPU
		{5E71DEF5-F3D3-4AA8-B8D9-D9EFDCE1E1C9}.Debug|Any CPU.Build.0 = Debug|Any CPU
		{5E71DEF5-F3D3-4AA8-B8D9-D9EFDCE1E1C9}.Release|Any CPU.ActiveCfg = Release|Any CPU
		{5E71DEF5-F3D3-4AA8-B8D9-D9EFDCE1E1C9}.Release|Any CPU.Build.0 = Release|Any CPU
		{BB129B8B-1268-450F-8F1E-6CB296294910}.Debug|Any CPU.ActiveCfg = Debug|Any CPU
		{BB129B8B-1268-450F-8F1E-6CB296294910}.Debug|Any CPU.Build.0 = Debug|Any CPU
		{BB129B8B-1268-450F-8F1E-6CB296294910}.Release|Any CPU.ActiveCfg = Release|Any CPU
		{BB129B8B-1268-450F-8F1E-6CB296294910}.Release|Any CPU.Build.0 = Release|Any CPU
		{13315F93-7E54-4CAB-933D-AB1A4BCDED12}.Debug|Any CPU.ActiveCfg = Debug|Any CPU
		{13315F93-7E54-4CAB-933D-AB1A4BCDED12}.Debug|Any CPU.Build.0 = Debug|Any CPU
		{13315F93-7E54-4CAB-933D-AB1A4BCDED12}.Release|Any CPU.ActiveCfg = Release|Any CPU
		{13315F93-7E54-4CAB-933D-AB1A4BCDED12}.Release|Any CPU.Build.0 = Release|Any CPU
		{D09D3136-066A-42C3-8763-4276340EA1B6}.Debug|Any CPU.ActiveCfg = Debug|Any CPU
		{D09D3136-066A-42C3-8763-4276340EA1B6}.Debug|Any CPU.Build.0 = Debug|Any CPU
		{D09D3136-066A-42C3-8763-4276340EA1B6}.Release|Any CPU.ActiveCfg = Release|Any CPU
		{D09D3136-066A-42C3-8763-4276340EA1B6}.Release|Any CPU.Build.0 = Release|Any CPU
		{98BC24A0-775E-42A2-9FBE-793818291A2F}.Debug|Any CPU.ActiveCfg = Debug|Any CPU
		{98BC24A0-775E-42A2-9FBE-793818291A2F}.Debug|Any CPU.Build.0 = Debug|Any CPU
		{98BC24A0-775E-42A2-9FBE-793818291A2F}.Release|Any CPU.ActiveCfg = Release|Any CPU
		{98BC24A0-775E-42A2-9FBE-793818291A2F}.Release|Any CPU.Build.0 = Release|Any CPU
		{BDAFA47F-014D-4DF3-BD15-6CEE96F70672}.Debug|Any CPU.ActiveCfg = Debug|Any CPU
		{BDAFA47F-014D-4DF3-BD15-6CEE96F70672}.Debug|Any CPU.Build.0 = Debug|Any CPU
		{BDAFA47F-014D-4DF3-BD15-6CEE96F70672}.Release|Any CPU.ActiveCfg = Release|Any CPU
		{BDAFA47F-014D-4DF3-BD15-6CEE96F70672}.Release|Any CPU.Build.0 = Release|Any CPU
		{CB2FECE7-AB06-4CFC-BAFE-E75DE140E91D}.Debug|Any CPU.ActiveCfg = Debug|Any CPU
		{CB2FECE7-AB06-4CFC-BAFE-E75DE140E91D}.Debug|Any CPU.Build.0 = Debug|Any CPU
		{CB2FECE7-AB06-4CFC-BAFE-E75DE140E91D}.Release|Any CPU.ActiveCfg = Release|Any CPU
		{CB2FECE7-AB06-4CFC-BAFE-E75DE140E91D}.Release|Any CPU.Build.0 = Release|Any CPU
		{F317620E-F693-4A03-8603-419F24BAB257}.Debug|Any CPU.ActiveCfg = Debug|Any CPU
		{F317620E-F693-4A03-8603-419F24BAB257}.Debug|Any CPU.Build.0 = Debug|Any CPU
		{F317620E-F693-4A03-8603-419F24BAB257}.Release|Any CPU.ActiveCfg = Release|Any CPU
		{F317620E-F693-4A03-8603-419F24BAB257}.Release|Any CPU.Build.0 = Release|Any CPU
		{4B0C672B-4464-4D4C-9D65-6945440B8578}.Debug|Any CPU.ActiveCfg = Debug|Any CPU
		{4B0C672B-4464-4D4C-9D65-6945440B8578}.Debug|Any CPU.Build.0 = Debug|Any CPU
		{4B0C672B-4464-4D4C-9D65-6945440B8578}.Release|Any CPU.ActiveCfg = Release|Any CPU
		{4B0C672B-4464-4D4C-9D65-6945440B8578}.Release|Any CPU.Build.0 = Release|Any CPU
		{57FB4055-46BE-4042-AE18-805CA95C4741}.Debug|Any CPU.ActiveCfg = Debug|Any CPU
		{57FB4055-46BE-4042-AE18-805CA95C4741}.Debug|Any CPU.Build.0 = Debug|Any CPU
		{57FB4055-46BE-4042-AE18-805CA95C4741}.Release|Any CPU.ActiveCfg = Release|Any CPU
		{57FB4055-46BE-4042-AE18-805CA95C4741}.Release|Any CPU.Build.0 = Release|Any CPU
		{45551BA8-5C36-489C-B7AE-E47683F615B6}.Debug|Any CPU.ActiveCfg = Debug|Any CPU
		{45551BA8-5C36-489C-B7AE-E47683F615B6}.Debug|Any CPU.Build.0 = Debug|Any CPU
		{45551BA8-5C36-489C-B7AE-E47683F615B6}.Release|Any CPU.ActiveCfg = Release|Any CPU
		{45551BA8-5C36-489C-B7AE-E47683F615B6}.Release|Any CPU.Build.0 = Release|Any CPU
		{B6EF8C2C-ADEE-496E-9707-C46E37E36A25}.Debug|Any CPU.ActiveCfg = Debug|Any CPU
		{B6EF8C2C-ADEE-496E-9707-C46E37E36A25}.Debug|Any CPU.Build.0 = Debug|Any CPU
		{B6EF8C2C-ADEE-496E-9707-C46E37E36A25}.Release|Any CPU.ActiveCfg = Release|Any CPU
		{B6EF8C2C-ADEE-496E-9707-C46E37E36A25}.Release|Any CPU.Build.0 = Release|Any CPU
		{274B5050-2F28-46B9-9C51-F295B1569720}.Debug|Any CPU.ActiveCfg = Debug|Any CPU
		{274B5050-2F28-46B9-9C51-F295B1569720}.Debug|Any CPU.Build.0 = Debug|Any CPU
		{274B5050-2F28-46B9-9C51-F295B1569720}.Release|Any CPU.ActiveCfg = Release|Any CPU
		{274B5050-2F28-46B9-9C51-F295B1569720}.Release|Any CPU.Build.0 = Release|Any CPU
		{5663D916-F3B3-4258-9516-B31149E8E989}.Debug|Any CPU.ActiveCfg = Debug|Any CPU
		{5663D916-F3B3-4258-9516-B31149E8E989}.Debug|Any CPU.Build.0 = Debug|Any CPU
		{5663D916-F3B3-4258-9516-B31149E8E989}.Release|Any CPU.ActiveCfg = Release|Any CPU
		{5663D916-F3B3-4258-9516-B31149E8E989}.Release|Any CPU.Build.0 = Release|Any CPU
		{C1483C2F-EF32-4E7E-9216-6FAA3528B3B8}.Debug|Any CPU.ActiveCfg = Debug|Any CPU
		{C1483C2F-EF32-4E7E-9216-6FAA3528B3B8}.Debug|Any CPU.Build.0 = Debug|Any CPU
		{C1483C2F-EF32-4E7E-9216-6FAA3528B3B8}.Release|Any CPU.ActiveCfg = Release|Any CPU
		{C1483C2F-EF32-4E7E-9216-6FAA3528B3B8}.Release|Any CPU.Build.0 = Release|Any CPU
		{0BA89976-C6C0-4DC6-B7C9-CCCBD1EE0C9A}.Debug|Any CPU.ActiveCfg = Debug|Any CPU
		{0BA89976-C6C0-4DC6-B7C9-CCCBD1EE0C9A}.Debug|Any CPU.Build.0 = Debug|Any CPU
		{0BA89976-C6C0-4DC6-B7C9-CCCBD1EE0C9A}.Release|Any CPU.ActiveCfg = Release|Any CPU
		{0BA89976-C6C0-4DC6-B7C9-CCCBD1EE0C9A}.Release|Any CPU.Build.0 = Release|Any CPU
		{57589445-EC82-4520-9FB9-5915C230460A}.Debug|Any CPU.ActiveCfg = Debug|Any CPU
		{57589445-EC82-4520-9FB9-5915C230460A}.Debug|Any CPU.Build.0 = Debug|Any CPU
		{57589445-EC82-4520-9FB9-5915C230460A}.Release|Any CPU.ActiveCfg = Release|Any CPU
		{57589445-EC82-4520-9FB9-5915C230460A}.Release|Any CPU.Build.0 = Release|Any CPU
		{0B5C98E9-96E9-4D93-9FFF-F603663DE023}.Debug|Any CPU.ActiveCfg = Debug|Any CPU
		{0B5C98E9-96E9-4D93-9FFF-F603663DE023}.Debug|Any CPU.Build.0 = Debug|Any CPU
		{0B5C98E9-96E9-4D93-9FFF-F603663DE023}.Release|Any CPU.ActiveCfg = Release|Any CPU
		{0B5C98E9-96E9-4D93-9FFF-F603663DE023}.Release|Any CPU.Build.0 = Release|Any CPU
	EndGlobalSection
	GlobalSection(SolutionProperties) = preSolution
		HideSolutionNode = FALSE
	EndGlobalSection
	GlobalSection(ExtensibilityGlobals) = postSolution
		SolutionGuid = {0EDE5631-555A-4D63-99D5-7E59742B5E51}
	EndGlobalSection
EndGlobal
